
Microsoft Visual Studio Solution File, Format Version 12.00
# Visual Studio 15
VisualStudioVersion = 15.0.28307.136
MinimumVisualStudioVersion = 10.0.40219.1
Project("{FAE04EC0-301F-11D3-BF4B-00C04F79EFBC}") = "MiniNetworkManager", "MiniNetworkManager\MiniNetworkManager.csproj", "{F9A36C20-AE65-4B94-96DF-37F71C3D239F}"
EndProject
Global
	GlobalSection(SolutionConfigurationPlatforms) = preSolution
		Debug|Any CPU = Debug|Any CPU
		Release|Any CPU = Release|Any CPU
	EndGlobalSection
	GlobalSection(ProjectConfigurationPlatforms) = postSolution
		{F9A36C20-AE65-4B94-96DF-37F71C3D239F}.Debug|Any CPU.ActiveCfg = Debug|Any CPU
		{F9A36C20-AE65-4B94-96DF-37F71C3D239F}.Debug|Any CPU.Build.0 = Debug|Any CPU
		{F9A36C20-AE65-4B94-96DF-37F71C3D239F}.Release|Any CPU.ActiveCfg = Release|Any CPU
		{F9A36C20-AE65-4B94-96DF-37F71C3D239F}.Release|Any CPU.Build.0 = Release|Any CPU
	EndGlobalSection
	GlobalSection(SolutionProperties) = preSolution
		HideSolutionNode = FALSE
	EndGlobalSection
	GlobalSection(ExtensibilityGlobals) = postSolution
		SolutionGuid = {AE4F3D8F-17FA-42D5-B715-7280B0FA5577}
	EndGlobalSection
EndGlobal
